
Microsoft Visual Studio Solution File, Format Version 12.00
# Visual Studio Version 17
VisualStudioVersion = 17.0.31903.59
MinimumVisualStudioVersion = 10.0.40219.1
Project("{2150E333-8FDC-42A3-9474-1A3956D46DE8}") = "src", "src", "{827E0CD3-B72D-47B6-A68D-7590B98EB39B}"
EndProject
Project("{FAE04EC0-301F-11D3-BF4B-00C04F79EFBC}") = "ERP.Api", "src\ERP.Api\ERP.Api.csproj", "{AE1BF41A-9F53-4155-AC44-E1925F018CC6}"
EndProject
Project("{FAE04EC0-301F-11D3-BF4B-00C04F79EFBC}") = "ERP.Application", "src\ERP.Application\ERP.Application.csproj", "{8E5AEE1C-573B-4810-AE39-05A17E20EAB8}"
EndProject
Project("{FAE04EC0-301F-11D3-BF4B-00C04F79EFBC}") = "ERP.Domain", "src\ERP.Domain\ERP.Domain.csproj", "{8A139F38-BA87-4003-B4FD-50AF7B954FD3}"
EndProject
Project("{FAE04EC0-301F-11D3-BF4B-00C04F79EFBC}") = "ERP.Infrastructure", "src\ERP.Infrastructure\ERP.Infrastructure.csproj", "{E8B99357-EB96-4687-86D3-4989D2C6423E}"
EndProject
Project("{2150E333-8FDC-42A3-9474-1A3956D46DE8}") = "tests", "tests", "{0AB3BF05-4346-4AA6-1389-037BE0695223}"
EndProject
Project("{FAE04EC0-301F-11D3-BF4B-00C04F79EFBC}") = "ERP.UnitTests", "tests\ERP.UnitTests\ERP.UnitTests.csproj", "{CFC89913-F879-4AE2-AB31-CF553EAB5D9F}"
EndProject
Project("{FAE04EC0-301F-11D3-BF4B-00C04F79EFBC}") = "ERP.IntegrationTests", "tests\ERP.IntegrationTests\ERP.IntegrationTests.csproj", "{BC561986-5D65-440A-B345-10582F0A637D}"
EndProject
Project("{FAE04EC0-301F-11D3-BF4B-00C04F79EFBC}") = "ERP.Migrations", "src\ERP.Migrations\ERP.Migrations.csproj", "{E7BE7912-C88E-4C5A-938D-62AB7D80838C}"
EndProject
Global
	GlobalSection(SolutionConfigurationPlatforms) = preSolution
		Debug|Any CPU = Debug|Any CPU
		Debug|x64 = Debug|x64
		Debug|x86 = Debug|x86
		Release|Any CPU = Release|Any CPU
		Release|x64 = Release|x64
		Release|x86 = Release|x86
	EndGlobalSection
	GlobalSection(ProjectConfigurationPlatforms) = postSolution
		{AE1BF41A-9F53-4155-AC44-E1925F018CC6}.Debug|Any CPU.ActiveCfg = Debug|Any CPU
		{AE1BF41A-9F53-4155-AC44-E1925F018CC6}.Debug|Any CPU.Build.0 = Debug|Any CPU
		{AE1BF41A-9F53-4155-AC44-E1925F018CC6}.Debug|x64.ActiveCfg = Debug|Any CPU
		{AE1BF41A-9F53-4155-AC44-E1925F018CC6}.Debug|x64.Build.0 = Debug|Any CPU
		{AE1BF41A-9F53-4155-AC44-E1925F018CC6}.Debug|x86.ActiveCfg = Debug|Any CPU
		{AE1BF41A-9F53-4155-AC44-E1925F018CC6}.Debug|x86.Build.0 = Debug|Any CPU
		{AE1BF41A-9F53-4155-AC44-E1925F018CC6}.Release|Any CPU.ActiveCfg = Release|Any CPU
		{AE1BF41A-9F53-4155-AC44-E1925F018CC6}.Release|Any CPU.Build.0 = Release|Any CPU
		{AE1BF41A-9F53-4155-AC44-E1925F018CC6}.Release|x64.ActiveCfg = Release|Any CPU
		{AE1BF41A-9F53-4155-AC44-E1925F018CC6}.Release|x64.Build.0 = Release|Any CPU
		{AE1BF41A-9F53-4155-AC44-E1925F018CC6}.Release|x86.ActiveCfg = Release|Any CPU
		{AE1BF41A-9F53-4155-AC44-E1925F018CC6}.Release|x86.Build.0 = Release|Any CPU
		{8E5AEE1C-573B-4810-AE39-05A17E20EAB8}.Debug|Any CPU.ActiveCfg = Debug|Any CPU
		{8E5AEE1C-573B-4810-AE39-05A17E20EAB8}.Debug|Any CPU.Build.0 = Debug|Any CPU
		{8E5AEE1C-573B-4810-AE39-05A17E20EAB8}.Debug|x64.ActiveCfg = Debug|Any CPU
		{8E5AEE1C-573B-4810-AE39-05A17E20EAB8}.Debug|x64.Build.0 = Debug|Any CPU
		{8E5AEE1C-573B-4810-AE39-05A17E20EAB8}.Debug|x86.ActiveCfg = Debug|Any CPU
		{8E5AEE1C-573B-4810-AE39-05A17E20EAB8}.Debug|x86.Build.0 = Debug|Any CPU
		{8E5AEE1C-573B-4810-AE39-05A17E20EAB8}.Release|Any CPU.ActiveCfg = Release|Any CPU
		{8E5AEE1C-573B-4810-AE39-05A17E20EAB8}.Release|Any CPU.Build.0 = Release|Any CPU
		{8E5AEE1C-573B-4810-AE39-05A17E20EAB8}.Release|x64.ActiveCfg = Release|Any CPU
		{8E5AEE1C-573B-4810-AE39-05A17E20EAB8}.Release|x64.Build.0 = Release|Any CPU
		{8E5AEE1C-573B-4810-AE39-05A17E20EAB8}.Release|x86.ActiveCfg = Release|Any CPU
		{8E5AEE1C-573B-4810-AE39-05A17E20EAB8}.Release|x86.Build.0 = Release|Any CPU
		{8A139F38-BA87-4003-B4FD-50AF7B954FD3}.Debug|Any CPU.ActiveCfg = Debug|Any CPU
		{8A139F38-BA87-4003-B4FD-50AF7B954FD3}.Debug|Any CPU.Build.0 = Debug|Any CPU
		{8A139F38-BA87-4003-B4FD-50AF7B954FD3}.Debug|x64.ActiveCfg = Debug|Any CPU
		{8A139F38-BA87-4003-B4FD-50AF7B954FD3}.Debug|x64.Build.0 = Debug|Any CPU
		{8A139F38-BA87-4003-B4FD-50AF7B954FD3}.Debug|x86.ActiveCfg = Debug|Any CPU
		{8A139F38-BA87-4003-B4FD-50AF7B954FD3}.Debug|x86.Build.0 = Debug|Any CPU
		{8A139F38-BA87-4003-B4FD-50AF7B954FD3}.Release|Any CPU.ActiveCfg = Release|Any CPU
		{8A139F38-BA87-4003-B4FD-50AF7B954FD3}.Release|Any CPU.Build.0 = Release|Any CPU
		{8A139F38-BA87-4003-B4FD-50AF7B954FD3}.Release|x64.ActiveCfg = Release|Any CPU
		{8A139F38-BA87-4003-B4FD-50AF7B954FD3}.Release|x64.Build.0 = Release|Any CPU
		{8A139F38-BA87-4003-B4FD-50AF7B954FD3}.Release|x86.ActiveCfg = Release|Any CPU
		{8A139F38-BA87-4003-B4FD-50AF7B954FD3}.Release|x86.Build.0 = Release|Any CPU
		{E8B99357-EB96-4687-86D3-4989D2C6423E}.Debug|Any CPU.ActiveCfg = Debug|Any CPU
		{E8B99357-EB96-4687-86D3-4989D2C6423E}.Debug|Any CPU.Build.0 = Debug|Any CPU
		{E8B99357-EB96-4687-86D3-4989D2C6423E}.Debug|x64.ActiveCfg = Debug|Any CPU
		{E8B99357-EB96-4687-86D3-4989D2C6423E}.Debug|x64.Build.0 = Debug|Any CPU
		{E8B99357-EB96-4687-86D3-4989D2C6423E}.Debug|x86.ActiveCfg = Debug|Any CPU
		{E8B99357-EB96-4687-86D3-4989D2C6423E}.Debug|x86.Build.0 = Debug|Any CPU
		{E8B99357-EB96-4687-86D3-4989D2C6423E}.Release|Any CPU.ActiveCfg = Release|Any CPU
		{E8B99357-EB96-4687-86D3-4989D2C6423E}.Release|Any CPU.Build.0 = Release|Any CPU
		{E8B99357-EB96-4687-86D3-4989D2C6423E}.Release|x64.ActiveCfg = Release|Any CPU
		{E8B99357-EB96-4687-86D3-4989D2C6423E}.Release|x64.Build.0 = Release|Any CPU
		{E8B99357-EB96-4687-86D3-4989D2C6423E}.Release|x86.ActiveCfg = Release|Any CPU
		{E8B99357-EB96-4687-86D3-4989D2C6423E}.Release|x86.Build.0 = Release|Any CPU
		{CFC89913-F879-4AE2-AB31-CF553EAB5D9F}.Debug|Any CPU.ActiveCfg = Debug|Any CPU
		{CFC89913-F879-4AE2-AB31-CF553EAB5D9F}.Debug|Any CPU.Build.0 = Debug|Any CPU
		{CFC89913-F879-4AE2-AB31-CF553EAB5D9F}.Debug|x64.ActiveCfg = Debug|Any CPU
		{CFC89913-F879-4AE2-AB31-CF553EAB5D9F}.Debug|x64.Build.0 = Debug|Any CPU
		{CFC89913-F879-4AE2-AB31-CF553EAB5D9F}.Debug|x86.ActiveCfg = Debug|Any CPU
		{CFC89913-F879-4AE2-AB31-CF553EAB5D9F}.Debug|x86.Build.0 = Debug|Any CPU
		{CFC89913-F879-4AE2-AB31-CF553EAB5D9F}.Release|Any CPU.ActiveCfg = Release|Any CPU
		{CFC89913-F879-4AE2-AB31-CF553EAB5D9F}.Release|Any CPU.Build.0 = Release|Any CPU
		{CFC89913-F879-4AE2-AB31-CF553EAB5D9F}.Release|x64.ActiveCfg = Release|Any CPU
		{CFC89913-F879-4AE2-AB31-CF553EAB5D9F}.Release|x64.Build.0 = Release|Any CPU
		{CFC89913-F879-4AE2-AB31-CF553EAB5D9F}.Release|x86.ActiveCfg = Release|Any CPU
		{CFC89913-F879-4AE2-AB31-CF553EAB5D9F}.Release|x86.Build.0 = Release|Any CPU
		{BC561986-5D65-440A-B345-10582F0A637D}.Debug|Any CPU.ActiveCfg = Debug|Any CPU
		{BC561986-5D65-440A-B345-10582F0A637D}.Debug|Any CPU.Build.0 = Debug|Any CPU
		{BC561986-5D65-440A-B345-10582F0A637D}.Debug|x64.ActiveCfg = Debug|Any CPU
		{BC561986-5D65-440A-B345-10582F0A637D}.Debug|x64.Build.0 = Debug|Any CPU
		{BC561986-5D65-440A-B345-10582F0A637D}.Debug|x86.ActiveCfg = Debug|Any CPU
		{BC561986-5D65-440A-B345-10582F0A637D}.Debug|x86.Build.0 = Debug|Any CPU
		{BC561986-5D65-440A-B345-10582F0A637D}.Release|Any CPU.ActiveCfg = Release|Any CPU
		{BC561986-5D65-440A-B345-10582F0A637D}.Release|Any CPU.Build.0 = Release|Any CPU
		{BC561986-5D65-440A-B345-10582F0A637D}.Release|x64.ActiveCfg = Release|Any CPU
		{BC561986-5D65-440A-B345-10582F0A637D}.Release|x64.Build.0 = Release|Any CPU
		{BC561986-5D65-440A-B345-10582F0A637D}.Release|x86.ActiveCfg = Release|Any CPU
		{BC561986-5D65-440A-B345-10582F0A637D}.Release|x86.Build.0 = Release|Any CPU
		{E7BE7912-C88E-4C5A-938D-62AB7D80838C}.Debug|Any CPU.ActiveCfg = Debug|Any CPU
		{E7BE7912-C88E-4C5A-938D-62AB7D80838C}.Debug|Any CPU.Build.0 = Debug|Any CPU
		{E7BE7912-C88E-4C5A-938D-62AB7D80838C}.Debug|x64.ActiveCfg = Debug|Any CPU
		{E7BE7912-C88E-4C5A-938D-62AB7D80838C}.Debug|x64.Build.0 = Debug|Any CPU
		{E7BE7912-C88E-4C5A-938D-62AB7D80838C}.Debug|x86.ActiveCfg = Debug|Any CPU
		{E7BE7912-C88E-4C5A-938D-62AB7D80838C}.Debug|x86.Build.0 = Debug|Any CPU
		{E7BE7912-C88E-4C5A-938D-62AB7D80838C}.Release|Any CPU.ActiveCfg = Release|Any CPU
		{E7BE7912-C88E-4C5A-938D-62AB7D80838C}.Release|Any CPU.Build.0 = Release|Any CPU
		{E7BE7912-C88E-4C5A-938D-62AB7D80838C}.Release|x64.ActiveCfg = Release|Any CPU
		{E7BE7912-C88E-4C5A-938D-62AB7D80838C}.Release|x64.Build.0 = Release|Any CPU
		{E7BE7912-C88E-4C5A-938D-62AB7D80838C}.Release|x86.ActiveCfg = Release|Any CPU
		{E7BE7912-C88E-4C5A-938D-62AB7D80838C}.Release|x86.Build.0 = Release|Any CPU
	EndGlobalSection
	GlobalSection(SolutionProperties) = preSolution
		HideSolutionNode = FALSE
	EndGlobalSection
	GlobalSection(NestedProjects) = preSolution
		{AE1BF41A-9F53-4155-AC44-E1925F018CC6} = {827E0CD3-B72D-47B6-A68D-7590B98EB39B}
		{8E5AEE1C-573B-4810-AE39-05A17E20EAB8} = {827E0CD3-B72D-47B6-A68D-7590B98EB39B}
		{8A139F38-BA87-4003-B4FD-50AF7B954FD3} = {827E0CD3-B72D-47B6-A68D-7590B98EB39B}
		{E8B99357-EB96-4687-86D3-4989D2C6423E} = {827E0CD3-B72D-47B6-A68D-7590B98EB39B}
		{CFC89913-F879-4AE2-AB31-CF553EAB5D9F} = {0AB3BF05-4346-4AA6-1389-037BE0695223}
		{BC561986-5D65-440A-B345-10582F0A637D} = {0AB3BF05-4346-4AA6-1389-037BE0695223}
		{E7BE7912-C88E-4C5A-938D-62AB7D80838C} = {827E0CD3-B72D-47B6-A68D-7590B98EB39B}
	EndGlobalSection
EndGlobal
